github.com/99designs/gqlgen v0.17.80 h1:S64VF9SK+q3JjQbilgdrM0o4iFQgB54mVQ3QvXEO4Ek=
github.com/99designs/gqlgen v0.17.80/go.mod h1:vgNcZlLwemsUhYim4dC1pvFP5FX0pr2Y+uYUoHFb1ig=
github.com/google/uuid v1.6.0 h1:NIvaJDMOsjHA8n1jAhLSgzrAzy1Hgr+hNrb57e+94F0=
github.com/google/uuid v1.6.0/go.mod h1:TIyPZe4MgqvfeYDBFedMoGGpEw/LqOeaOT+nhxU+yHo=
github.com/sosodev/duration v1.3.1 h1:qtHBDMQ6lvMQsL15g4aopM4HEfOaYuhWBw3NPTtlqq4=
github.com/sosodev/duration v1.3.1/go.mod h1:RQIBBX0+fMLc/D9+Jb/fwvVmo0eZvDDEERAikUR6SDg=
github.com/vektah/gqlparser/v2 v2.5.30 h1:EqLwGAFLIzt1wpx1IPpY67DwUujF1OfzgEyDsLrN6kE=
github.com/vektah/gqlparser/v2 v2.5.30/go.mod h1:D1/VCZtV3LPnQrcPBeR/q5jkSQIPti0uYCP/RI0gIeo=
